
Microsoft Visual Studio Solution File, Format Version 12.00
# Visual Studio Version 16
VisualStudioVersion = 16.0.29709.97
MinimumVisualStudioVersion = 10.0.40219.1
Project("{FAE04EC0-301F-11D3-BF4B-00C04F79EFBC}") = "HangFire.Scheduler", "HangFire.Scheduler\HangFire.Scheduler.csproj", "{47DA3753-8DC9-4CA0-85E9-E77F7710239E}"
EndProject
Global
	GlobalSection(SolutionConfigurationPlatforms) = preSolution
		Debug|Any CPU = Debug|Any CPU
		Release|Any CPU = Release|Any CPU
	EndGlobalSection
	GlobalSection(ProjectConfigurationPlatforms) = postSolution
		{47DA3753-8DC9-4CA0-85E9-E77F7710239E}.Debug|Any CPU.ActiveCfg = Debug|Any CPU
		{47DA3753-8DC9-4CA0-85E9-E77F7710239E}.Debug|Any CPU.Build.0 = Debug|Any CPU
		{47DA3753-8DC9-4CA0-85E9-E77F7710239E}.Release|Any CPU.ActiveCfg = Release|Any CPU
		{47DA3753-8DC9-4CA0-85E9-E77F7710239E}.Release|Any CPU.Build.0 = Release|Any CPU
	EndGlobalSection
	GlobalSection(SolutionProperties) = preSolution
		HideSolutionNode = FALSE
	EndGlobalSection
	GlobalSection(ExtensibilityGlobals) = postSolution
		SolutionGuid = {1EC9D0AA-D9E7-4D6A-8B3E-B52F9297054B}
	EndGlobalSection
EndGlobal
